{
  "version": 4,
  "terraform_version": "1.6.3",
  "serial": 585,
  "lineage": "6186301e-07a9-b483-afdc-76f02daa9d02",
  "outputs": {
    "external_ip_address_k8s": {
      "value": [
        "51.250.92.24",
        "178.154.220.151",
        "178.154.207.74",
        "51.250.95.0",
        "178.154.223.129",
        "178.154.223.249"
      ],
      "type": [
        "tuple",
        [
          "string",
          "string",
          "string",
          "string",
          "string",
          "string"
        ]
      ]
    }
  },
  "resources": [
    {
      "mode": "data",
      "type": "yandex_compute_image",
      "name": "ubuntu-image",
      "provider": "provider[\"registry.terraform.io/yandex-cloud/yandex\"]",
      "instances": [
        {
          "schema_version": 0,
          "attributes": {
            "created_at": "2024-03-11T10:56:59Z",
            "description": "ubuntu 20.04 lts",
            "family": "ubuntu-2004-lts",
            "folder_id": "standard-images",
            "id": "fd8c3t86dc563mtmnqce",
            "image_id": "fd8c3t86dc563mtmnqce",
            "labels": {},
            "min_disk_size": 5,
            "name": "ubuntu-20-04-lts-v20240311",
            "os_type": "linux",
            "pooled": true,
            "product_ids": [
              "f2ebsgu7fqkdv7qugnmo"
            ],
            "size": 4,
            "status": "ready"
          },
          "sensitive_attributes": []
        }
      ]
    },
    {
      "mode": "managed",
      "type": "local_file",
      "name": "inventory",
      "provider": "provider[\"registry.terraform.io/hashicorp/local\"]",
      "instances": [
        {
          "status": "tainted",
          "schema_version": 0,
          "attributes": {
            "content": "[master]\nk8s-0 ansible_host=51.250.92.24\n\n[workers]\nk8s-1 ansible_host=178.154.220.151\nk8s-2 ansible_host=178.154.207.74\n\n[gitlab]\nk8s-3 ansible_host=51.250.95.0\n\n[prometheus]\nk8s-4 ansible_host=178.154.223.129\n\n[rabbit]\nk8s-5 ansible_host=178.154.223.249",
            "content_base64": null,
            "content_base64sha256": "4NyOQDWffNuKh0DYL4Pma8ugh7MRl83ZXdeoBbcMO/Y=",
            "content_base64sha512": "iMK5JhTH7tgSvcZu2FVxVrgQUTSRc39luLQvzdCc7REY4wjj/62WMO3MvLgvlM8JHR1mQwZad74BXBJzcj3HGg==",
            "content_md5": "5ed1e6b85bfff79bc2cce83c77f01cdf",
            "content_sha1": "f247b1ce48d67fd9324d0caba1d517d0841afe57",
            "content_sha256": "e0dc8e40359f7cdb8a8740d82f83e66bcba087b31197cdd95dd7a805b70c3bf6",
            "content_sha512": "88c2b92614c7eed812bdc66ed8557156b810513491737f65b8b42fcdd09ced1118e308e3ffad9630edccbcb82f94cf091d1d6643065a77be015c1273723dc71a",
            "directory_permission": "0777",
            "file_permission": "0777",
            "filename": "../ansible/inventory.ini",
            "id": "f247b1ce48d67fd9324d0caba1d517d0841afe57",
            "sensitive_content": null,
            "source": null
          },
          "sensitive_attributes": [],
          "dependencies": [
            "data.yandex_compute_image.ubuntu-image",
            "yandex_compute_instance.k8s"
          ]
        }
      ]
    },
    {
      "mode": "managed",
      "type": "yandex_compute_instance",
      "name": "k8s",
      "provider": "provider[\"registry.terraform.io/yandex-cloud/yandex\"]",
      "instances": [
        {
          "index_key": 0,
          "schema_version": 1,
          "attributes": {
            "allow_recreate": null,
            "allow_stopping_for_update": null,
            "boot_disk": [
              {
                "auto_delete": true,
                "device_name": "fhmhgcssbu3jqu8akpsn",
                "disk_id": "fhmhgcssbu3jqu8akpsn",
                "initialize_params": [
                  {
                    "block_size": 4096,
                    "description": "",
                    "image_id": "fd8c3t86dc563mtmnqce",
                    "name": "",
                    "size": 30,
                    "snapshot_id": "",
                    "type": "network-ssd"
                  }
                ],
                "mode": "READ_WRITE"
              }
            ],
            "created_at": "2024-03-16T12:38:14Z",
            "description": "",
            "filesystem": [],
            "folder_id": "b1g3ag9m932ds92jhgtr",
            "fqdn": "fhmj5mf7ra4hespeqec0.auto.internal",
            "gpu_cluster_id": "",
            "hostname": "",
            "id": "fhmj5mf7ra4hespeqec0",
            "labels": {},
            "local_disk": [],
            "maintenance_grace_period": "",
            "maintenance_policy": null,
            "metadata": {
              "ssh-keys": "ubuntu:ssh-ed25519 AAAAC3NzaC1lZDI1NTE5AAAAIJMQZm/YFrz1Qaevs+YSHswd8XmQRRPZMcXi6LmVFKBC a.s.shmakov33@yandex.ru\n"
            },
            "metadata_options": [
              {
                "aws_v1_http_endpoint": 1,
                "aws_v1_http_token": 2,
                "gce_http_endpoint": 1,
                "gce_http_token": 1
              }
            ],
            "name": "k8s-0",
            "network_acceleration_type": "standard",
            "network_interface": [
              {
                "dns_record": [],
                "index": 0,
                "ip_address": "10.128.0.30",
                "ipv4": true,
                "ipv6": false,
                "ipv6_address": "",
                "ipv6_dns_record": [],
                "mac_address": "d0:0d:13:2d:9e:7d",
                "nat": true,
                "nat_dns_record": [],
                "nat_ip_address": "51.250.92.24",
                "nat_ip_version": "IPV4",
                "security_group_ids": [],
                "subnet_id": "e9b3c3psr2ev2v2di99u"
              }
            ],
            "placement_policy": [
              {
                "host_affinity_rules": [],
                "placement_group_id": "",
                "placement_group_partition": 0
              }
            ],
            "platform_id": "standard-v1",
            "resources": [
              {
                "core_fraction": 100,
                "cores": 4,
                "gpus": 0,
                "memory": 4
              }
            ],
            "scheduling_policy": [
              {
                "preemptible": false
              }
            ],
            "secondary_disk": [],
            "service_account_id": "",
            "status": "running",
            "timeouts": {
              "create": "15m",
              "delete": "10m",
              "update": "5m"
            },
            "zone": "ru-central1-a"
          },
          "sensitive_attributes": [],
          "private": "eyJlMmJmYjczMC1lY2FhLTExZTYtOGY4OC0zNDM2M2JjN2M0YzAiOnsiY3JlYXRlIjo5MDAwMDAwMDAwMDAsImRlbGV0ZSI6NjAwMDAwMDAwMDAwLCJ1cGRhdGUiOjMwMDAwMDAwMDAwMH0sInNjaGVtYV92ZXJzaW9uIjoiMSJ9",
          "dependencies": [
            "data.yandex_compute_image.ubuntu-image"
          ]
        },
        {
          "index_key": 1,
          "schema_version": 1,
          "attributes": {
            "allow_recreate": null,
            "allow_stopping_for_update": null,
            "boot_disk": [
              {
                "auto_delete": true,
                "device_name": "fhm8fepeh7otgnphbpvh",
                "disk_id": "fhm8fepeh7otgnphbpvh",
                "initialize_params": [
                  {
                    "block_size": 4096,
                    "description": "",
                    "image_id": "fd8c3t86dc563mtmnqce",
                    "name": "",
                    "size": 30,
                    "snapshot_id": "",
                    "type": "network-ssd"
                  }
                ],
                "mode": "READ_WRITE"
              }
            ],
            "created_at": "2024-03-16T12:38:14Z",
            "description": "",
            "filesystem": [],
            "folder_id": "b1g3ag9m932ds92jhgtr",
            "fqdn": "fhml8hice0n39gfs0jt1.auto.internal",
            "gpu_cluster_id": "",
            "hostname": "",
            "id": "fhml8hice0n39gfs0jt1",
            "labels": {},
            "local_disk": [],
            "maintenance_grace_period": "",
            "maintenance_policy": null,
            "metadata": {
              "ssh-keys": "ubuntu:ssh-ed25519 AAAAC3NzaC1lZDI1NTE5AAAAIJMQZm/YFrz1Qaevs+YSHswd8XmQRRPZMcXi6LmVFKBC a.s.shmakov33@yandex.ru\n"
            },
            "metadata_options": [
              {
                "aws_v1_http_endpoint": 1,
                "aws_v1_http_token": 2,
                "gce_http_endpoint": 1,
                "gce_http_token": 1
              }
            ],
            "name": "k8s-1",
            "network_acceleration_type": "standard",
            "network_interface": [
              {
                "dns_record": [],
                "index": 0,
                "ip_address": "10.128.0.33",
                "ipv4": true,
                "ipv6": false,
                "ipv6_address": "",
                "ipv6_dns_record": [],
                "mac_address": "d0:0d:15:44:64:c7",
                "nat": true,
                "nat_dns_record": [],
                "nat_ip_address": "178.154.220.151",
                "nat_ip_version": "IPV4",
                "security_group_ids": [],
                "subnet_id": "e9b3c3psr2ev2v2di99u"
              }
            ],
            "placement_policy": [
              {
                "host_affinity_rules": [],
                "placement_group_id": "",
                "placement_group_partition": 0
              }
            ],
            "platform_id": "standard-v1",
            "resources": [
              {
                "core_fraction": 100,
                "cores": 4,
                "gpus": 0,
                "memory": 4
              }
            ],
            "scheduling_policy": [
              {
                "preemptible": false
              }
            ],
            "secondary_disk": [],
            "service_account_id": "",
            "status": "running",
            "timeouts": {
              "create": "15m",
              "delete": "10m",
              "update": "5m"
            },
            "zone": "ru-central1-a"
          },
          "sensitive_attributes": [],
          "private": "eyJlMmJmYjczMC1lY2FhLTExZTYtOGY4OC0zNDM2M2JjN2M0YzAiOnsiY3JlYXRlIjo5MDAwMDAwMDAwMDAsImRlbGV0ZSI6NjAwMDAwMDAwMDAwLCJ1cGRhdGUiOjMwMDAwMDAwMDAwMH0sInNjaGVtYV92ZXJzaW9uIjoiMSJ9",
          "dependencies": [
            "data.yandex_compute_image.ubuntu-image"
          ]
        },
        {
          "index_key": 2,
          "schema_version": 1,
          "attributes": {
            "allow_recreate": null,
            "allow_stopping_for_update": null,
            "boot_disk": [
              {
                "auto_delete": true,
                "device_name": "fhm30m9g90s33ehvfn49",
                "disk_id": "fhm30m9g90s33ehvfn49",
                "initialize_params": [
                  {
                    "block_size": 4096,
                    "description": "",
                    "image_id": "fd8c3t86dc563mtmnqce",
                    "name": "",
                    "size": 30,
                    "snapshot_id": "",
                    "type": "network-ssd"
                  }
                ],
                "mode": "READ_WRITE"
              }
            ],
            "created_at": "2024-03-16T12:38:14Z",
            "description": "",
            "filesystem": [],
            "folder_id": "b1g3ag9m932ds92jhgtr",
            "fqdn": "fhmhablv13j71nd1vbtg.auto.internal",
            "gpu_cluster_id": "",
            "hostname": "",
            "id": "fhmhablv13j71nd1vbtg",
            "labels": {},
            "local_disk": [],
            "maintenance_grace_period": "",
            "maintenance_policy": null,
            "metadata": {
              "ssh-keys": "ubuntu:ssh-ed25519 AAAAC3NzaC1lZDI1NTE5AAAAIJMQZm/YFrz1Qaevs+YSHswd8XmQRRPZMcXi6LmVFKBC a.s.shmakov33@yandex.ru\n"
            },
            "metadata_options": [
              {
                "aws_v1_http_endpoint": 1,
                "aws_v1_http_token": 2,
                "gce_http_endpoint": 1,
                "gce_http_token": 1
              }
            ],
            "name": "k8s-2",
            "network_acceleration_type": "standard",
            "network_interface": [
              {
                "dns_record": [],
                "index": 0,
                "ip_address": "10.128.0.9",
                "ipv4": true,
                "ipv6": false,
                "ipv6_address": "",
                "ipv6_dns_record": [],
                "mac_address": "d0:0d:11:52:eb:f0",
                "nat": true,
                "nat_dns_record": [],
                "nat_ip_address": "178.154.207.74",
                "nat_ip_version": "IPV4",
                "security_group_ids": [],
                "subnet_id": "e9b3c3psr2ev2v2di99u"
              }
            ],
            "placement_policy": [
              {
                "host_affinity_rules": [],
                "placement_group_id": "",
                "placement_group_partition": 0
              }
            ],
            "platform_id": "standard-v1",
            "resources": [
              {
                "core_fraction": 100,
                "cores": 4,
                "gpus": 0,
                "memory": 4
              }
            ],
            "scheduling_policy": [
              {
                "preemptible": false
              }
            ],
            "secondary_disk": [],
            "service_account_id": "",
            "status": "running",
            "timeouts": {
              "create": "15m",
              "delete": "10m",
              "update": "5m"
            },
            "zone": "ru-central1-a"
          },
          "sensitive_attributes": [],
          "private": "eyJlMmJmYjczMC1lY2FhLTExZTYtOGY4OC0zNDM2M2JjN2M0YzAiOnsiY3JlYXRlIjo5MDAwMDAwMDAwMDAsImRlbGV0ZSI6NjAwMDAwMDAwMDAwLCJ1cGRhdGUiOjMwMDAwMDAwMDAwMH0sInNjaGVtYV92ZXJzaW9uIjoiMSJ9",
          "dependencies": [
            "data.yandex_compute_image.ubuntu-image"
          ]
        },
        {
          "index_key": 3,
          "schema_version": 1,
          "attributes": {
            "allow_recreate": null,
            "allow_stopping_for_update": null,
            "boot_disk": [
              {
                "auto_delete": true,
                "device_name": "fhmfkl973ge4uio5ms6i",
                "disk_id": "fhmfkl973ge4uio5ms6i",
                "initialize_params": [
                  {
                    "block_size": 4096,
                    "description": "",
                    "image_id": "fd8c3t86dc563mtmnqce",
                    "name": "",
                    "size": 30,
                    "snapshot_id": "",
                    "type": "network-ssd"
                  }
                ],
                "mode": "READ_WRITE"
              }
            ],
            "created_at": "2024-03-16T12:38:14Z",
            "description": "",
            "filesystem": [],
            "folder_id": "b1g3ag9m932ds92jhgtr",
            "fqdn": "fhmtsh88q2qj44f6b9sc.auto.internal",
            "gpu_cluster_id": "",
            "hostname": "",
            "id": "fhmtsh88q2qj44f6b9sc",
            "labels": {},
            "local_disk": [],
            "maintenance_grace_period": "",
            "maintenance_policy": null,
            "metadata": {
              "ssh-keys": "ubuntu:ssh-ed25519 AAAAC3NzaC1lZDI1NTE5AAAAIJMQZm/YFrz1Qaevs+YSHswd8XmQRRPZMcXi6LmVFKBC a.s.shmakov33@yandex.ru\n"
            },
            "metadata_options": [
              {
                "aws_v1_http_endpoint": 1,
                "aws_v1_http_token": 2,
                "gce_http_endpoint": 1,
                "gce_http_token": 1
              }
            ],
            "name": "k8s-3",
            "network_acceleration_type": "standard",
            "network_interface": [
              {
                "dns_record": [],
                "index": 0,
                "ip_address": "10.128.0.19",
                "ipv4": true,
                "ipv6": false,
                "ipv6_address": "",
                "ipv6_dns_record": [],
                "mac_address": "d0:0d:1d:e4:50:8d",
                "nat": true,
                "nat_dns_record": [],
                "nat_ip_address": "51.250.95.0",
                "nat_ip_version": "IPV4",
                "security_group_ids": [],
                "subnet_id": "e9b3c3psr2ev2v2di99u"
              }
            ],
            "placement_policy": [
              {
                "host_affinity_rules": [],
                "placement_group_id": "",
                "placement_group_partition": 0
              }
            ],
            "platform_id": "standard-v1",
            "resources": [
              {
                "core_fraction": 100,
                "cores": 4,
                "gpus": 0,
                "memory": 4
              }
            ],
            "scheduling_policy": [
              {
                "preemptible": false
              }
            ],
            "secondary_disk": [],
            "service_account_id": "",
            "status": "running",
            "timeouts": {
              "create": "15m",
              "delete": "10m",
              "update": "5m"
            },
            "zone": "ru-central1-a"
          },
          "sensitive_attributes": [],
          "private": "eyJlMmJmYjczMC1lY2FhLTExZTYtOGY4OC0zNDM2M2JjN2M0YzAiOnsiY3JlYXRlIjo5MDAwMDAwMDAwMDAsImRlbGV0ZSI6NjAwMDAwMDAwMDAwLCJ1cGRhdGUiOjMwMDAwMDAwMDAwMH0sInNjaGVtYV92ZXJzaW9uIjoiMSJ9",
          "dependencies": [
            "data.yandex_compute_image.ubuntu-image"
          ]
        },
        {
          "index_key": 4,
          "schema_version": 1,
          "attributes": {
            "allow_recreate": null,
            "allow_stopping_for_update": null,
            "boot_disk": [
              {
                "auto_delete": true,
                "device_name": "fhmdg0log07mrq8h4ck0",
                "disk_id": "fhmdg0log07mrq8h4ck0",
                "initialize_params": [
                  {
                    "block_size": 4096,
                    "description": "",
                    "image_id": "fd8c3t86dc563mtmnqce",
                    "name": "",
                    "size": 30,
                    "snapshot_id": "",
                    "type": "network-ssd"
                  }
                ],
                "mode": "READ_WRITE"
              }
            ],
            "created_at": "2024-03-16T12:38:14Z",
            "description": "",
            "filesystem": [],
            "folder_id": "b1g3ag9m932ds92jhgtr",
            "fqdn": "fhm5g2ttirg81nfuo8mk.auto.internal",
            "gpu_cluster_id": "",
            "hostname": "",
            "id": "fhm5g2ttirg81nfuo8mk",
            "labels": {},
            "local_disk": [],
            "maintenance_grace_period": "",
            "maintenance_policy": null,
            "metadata": {
              "ssh-keys": "ubuntu:ssh-ed25519 AAAAC3NzaC1lZDI1NTE5AAAAIJMQZm/YFrz1Qaevs+YSHswd8XmQRRPZMcXi6LmVFKBC a.s.shmakov33@yandex.ru\n"
            },
            "metadata_options": [
              {
                "aws_v1_http_endpoint": 1,
                "aws_v1_http_token": 2,
                "gce_http_endpoint": 1,
                "gce_http_token": 1
              }
            ],
            "name": "k8s-4",
            "network_acceleration_type": "standard",
            "network_interface": [
              {
                "dns_record": [],
                "index": 0,
                "ip_address": "10.128.0.27",
                "ipv4": true,
                "ipv6": false,
                "ipv6_address": "",
                "ipv6_dns_record": [],
                "mac_address": "d0:0d:58:0b:bd:96",
                "nat": true,
                "nat_dns_record": [],
                "nat_ip_address": "178.154.223.129",
                "nat_ip_version": "IPV4",
                "security_group_ids": [],
                "subnet_id": "e9b3c3psr2ev2v2di99u"
              }
            ],
            "placement_policy": [
              {
                "host_affinity_rules": [],
                "placement_group_id": "",
                "placement_group_partition": 0
              }
            ],
            "platform_id": "standard-v1",
            "resources": [
              {
                "core_fraction": 100,
                "cores": 4,
                "gpus": 0,
                "memory": 4
              }
            ],
            "scheduling_policy": [
              {
                "preemptible": false
              }
            ],
            "secondary_disk": [],
            "service_account_id": "",
            "status": "running",
            "timeouts": {
              "create": "15m",
              "delete": "10m",
              "update": "5m"
            },
            "zone": "ru-central1-a"
          },
          "sensitive_attributes": [],
          "private": "eyJlMmJmYjczMC1lY2FhLTExZTYtOGY4OC0zNDM2M2JjN2M0YzAiOnsiY3JlYXRlIjo5MDAwMDAwMDAwMDAsImRlbGV0ZSI6NjAwMDAwMDAwMDAwLCJ1cGRhdGUiOjMwMDAwMDAwMDAwMH0sInNjaGVtYV92ZXJzaW9uIjoiMSJ9",
          "dependencies": [
            "data.yandex_compute_image.ubuntu-image"
          ]
        },
        {
          "index_key": 5,
          "schema_version": 1,
          "attributes": {
            "allow_recreate": null,
            "allow_stopping_for_update": null,
            "boot_disk": [
              {
                "auto_delete": true,
                "device_name": "fhmv4lve7568p0rls6ec",
                "disk_id": "fhmv4lve7568p0rls6ec",
                "initialize_params": [
                  {
                    "block_size": 4096,
                    "description": "",
                    "image_id": "fd8c3t86dc563mtmnqce",
                    "name": "",
                    "size": 30,
                    "snapshot_id": "",
                    "type": "network-ssd"
                  }
                ],
                "mode": "READ_WRITE"
              }
            ],
            "created_at": "2024-03-16T12:38:14Z",
            "description": "",
            "filesystem": [],
            "folder_id": "b1g3ag9m932ds92jhgtr",
            "fqdn": "fhmqu38p3sqe27hcehte.auto.internal",
            "gpu_cluster_id": "",
            "hostname": "",
            "id": "fhmqu38p3sqe27hcehte",
            "labels": {},
            "local_disk": [],
            "maintenance_grace_period": "",
            "maintenance_policy": null,
            "metadata": {
              "ssh-keys": "ubuntu:ssh-ed25519 AAAAC3NzaC1lZDI1NTE5AAAAIJMQZm/YFrz1Qaevs+YSHswd8XmQRRPZMcXi6LmVFKBC a.s.shmakov33@yandex.ru\n"
            },
            "metadata_options": [
              {
                "aws_v1_http_endpoint": 1,
                "aws_v1_http_token": 2,
                "gce_http_endpoint": 1,
                "gce_http_token": 1
              }
            ],
            "name": "k8s-5",
            "network_acceleration_type": "standard",
            "network_interface": [
              {
                "dns_record": [],
                "index": 0,
                "ip_address": "10.128.0.3",
                "ipv4": true,
                "ipv6": false,
                "ipv6_address": "",
                "ipv6_dns_record": [],
                "mac_address": "d0:0d:1a:f0:d1:91",
                "nat": true,
                "nat_dns_record": [],
                "nat_ip_address": "178.154.223.249",
                "nat_ip_version": "IPV4",
                "security_group_ids": [],
                "subnet_id": "e9b3c3psr2ev2v2di99u"
              }
            ],
            "placement_policy": [
              {
                "host_affinity_rules": [],
                "placement_group_id": "",
                "placement_group_partition": 0
              }
            ],
            "platform_id": "standard-v1",
            "resources": [
              {
                "core_fraction": 100,
                "cores": 4,
                "gpus": 0,
                "memory": 4
              }
            ],
            "scheduling_policy": [
              {
                "preemptible": false
              }
            ],
            "secondary_disk": [],
            "service_account_id": "",
            "status": "running",
            "timeouts": {
              "create": "15m",
              "delete": "10m",
              "update": "5m"
            },
            "zone": "ru-central1-a"
          },
          "sensitive_attributes": [],
          "private": "eyJlMmJmYjczMC1lY2FhLTExZTYtOGY4OC0zNDM2M2JjN2M0YzAiOnsiY3JlYXRlIjo5MDAwMDAwMDAwMDAsImRlbGV0ZSI6NjAwMDAwMDAwMDAwLCJ1cGRhdGUiOjMwMDAwMDAwMDAwMH0sInNjaGVtYV92ZXJzaW9uIjoiMSJ9",
          "dependencies": [
            "data.yandex_compute_image.ubuntu-image"
          ]
        }
      ]
    }
  ],
  "check_results": null
}
